// !$*UTF8*$!
{
	archiveVersion = 1;
	classes = {
	};
	objectVersion = 50;
	objects = {

/* Begin PBXBuildFile section */
		1F1B244E22AABC6000EF1912 /* AppDelegate.swift in Sources */ = {isa = PBXBuildFile; fileRef = 1F1B244D22AABC6000EF1912 /* AppDelegate.swift */; };
		1F1B245022AABC6000EF1912 /* SceneDelegate.swift in Sources */ = {isa = PBXBuildFile; fileRef = 1F1B244F22AABC6000EF1912 /* SceneDelegate.swift */; };
		1F1B245222AABC6000EF1912 /* ViewController.swift in Sources */ = {isa = PBXBuildFile; fileRef = 1F1B245122AABC6000EF1912 /* ViewController.swift */; };
		1F1B245522AABC6000EF1912 /* Main.storyboard in Resources */ = {isa = PBXBuildFile; fileRef = 1F1B245322AABC6000EF1912 /* Main.storyboard */; };
		1F1B245722AABC6300EF1912 /* Assets.xcassets in Resources */ = {isa = PBXBuildFile; fileRef = 1F1B245622AABC6300EF1912 /* Assets.xcassets */; };
		1F1B245A22AABC6300EF1912 /* LaunchScreen.storyboard in Resources */ = {isa = PBXBuildFile; fileRef = 1F1B245822AABC6300EF1912 /* LaunchScreen.storyboard */; };
		1F1B246522AABC6300EF1912 /* PropertyWrappersTests.swift in Sources */ = {isa = PBXBuildFile; fileRef = 1F1B246422AABC6300EF1912 /* PropertyWrappersTests.swift */; };
		1F1B247222AAC02D00EF1912 /* PropertyWrapper.swift in Sources */ = {isa = PBXBuildFile; fileRef = 1F1B247122AAC02D00EF1912 /* PropertyWrapper.swift */; };
		1F1B247422AAC10800EF1912 /* UserConfig.swift in Sources */ = {isa = PBXBuildFile; fileRef = 1F1B247322AAC10800EF1912 /* UserConfig.swift */; };
/* End PBXBuildFile section */

/* Begin PBXContainerItemProxy section */
		1F1B246122AABC6300EF1912 /* PBXContainerItemProxy */ = {
			isa = PBXContainerItemProxy;
			containerPortal = 1F1B244222AABC6000EF1912 /* Project object */;
			proxyType = 1;
			remoteGlobalIDString = 1F1B244922AABC6000EF1912;
			remoteInfo = PropertyWrappers;
		};
/* End PBXContainerItemProxy section */

/* Begin PBXFileReference section */
		1F1B244A22AABC6000EF1912 /* PropertyWrappers.app */ = {isa = PBXFileReference; explicitFileType = wrapper.application; includeInIndex = 0; path = PropertyWrappers.app; sourceTree = BUILT_PRODUCTS_DIR; };
		1F1B244D22AABC6000EF1912 /* AppDelegate.swift */ = {isa = PBXFileReference; lastKnownFileType = sourcecode.swift; path = AppDelegate.swift; sourceTree = "<group>"; };
		1F1B244F22AABC6000EF1912 /* SceneDelegate.swift */ = {isa = PBXFileReference; lastKnownFileType = sourcecode.swift; path = SceneDelegate.swift; sourceTree = "<group>"; };
		1F1B245122AABC6000EF1912 /* ViewController.swift */ = {isa = PBXFileReference; lastKnownFileType = sourcecode.swift; path = ViewController.swift; sourceTree = "<group>"; };
		1F1B245422AABC6000EF1912 /* Base */ = {isa = PBXFileReference; lastKnownFileType = file.storyboard; name = Base; path = Base.lproj/Main.storyboard; sourceTree = "<group>"; };
		1F1B245622AABC6300EF1912 /* Assets.xcassets */ = {isa = PBXFileReference; lastKnownFileType = folder.assetcatalog; path = Assets.xcassets; sourceTree = "<group>"; };
		1F1B245922AABC6300EF1912 /* Base */ = {isa = PBXFileReference; lastKnownFileType = file.storyboard; name = Base; path = Base.lproj/LaunchScreen.storyboard; sourceTree = "<group>"; };
		1F1B245B22AABC6300EF1912 /* Info.plist */ = {isa = PBXFileReference; lastKnownFileType = text.plist.xml; path = Info.plist; sourceTree = "<group>"; };
		1F1B246022AABC6300EF1912 /* PropertyWrappersTests.xctest */ = {isa = PBXFileReference; explicitFileType = wrapper.cfbundle; includeInIndex = 0; path = PropertyWrappersTests.xctest; sourceTree = BUILT_PRODUCTS_DIR; };
		1F1B246422AABC6300EF1912 /* PropertyWrappersTests.swift */ = {isa = PBXFileReference; lastKnownFileType = sourcecode.swift; path = PropertyWrappersTests.swift; sourceTree = "<group>"; };
		1F1B246622AABC6300EF1912 /* Info.plist */ = {isa = PBXFileReference; lastKnownFileType = text.plist.xml; path = Info.plist; sourceTree = "<group>"; };
		1F1B247122AAC02D00EF1912 /* PropertyWrapper.swift */ = {isa = PBXFileReference; lastKnownFileType = sourcecode.swift; path = PropertyWrapper.swift; sourceTree = "<group>"; };
		1F1B247322AAC10800EF1912 /* UserConfig.swift */ = {isa = PBXFileReference; lastKnownFileType = sourcecode.swift; path = UserConfig.swift; sourceTree = "<group>"; };
/* End PBXFileReference section */

/* Begin PBXFrameworksBuildPhase section */
		1F1B244722AABC6000EF1912 /* Frameworks */ = {
			isa = PBXFrameworksBuildPhase;
			buildActionMask = 2147483647;
			files = (
			);
			runOnlyForDeploymentPostprocessing = 0;
		};
		1F1B245D22AABC6300EF1912 /* Frameworks */ = {
			isa = PBXFrameworksBuildPhase;
			buildActionMask = 2147483647;
			files = (
			);
			runOnlyForDeploymentPostprocessing = 0;
		};
/* End PBXFrameworksBuildPhase section */

/* Begin PBXGroup section */
		1F1B244122AABC6000EF1912 = {
			isa = PBXGroup;
			children = (
				1F1B244C22AABC6000EF1912 /* PropertyWrappers */,
				1F1B246322AABC6300EF1912 /* PropertyWrappersTests */,
				1F1B244B22AABC6000EF1912 /* Products */,
			);
			sourceTree = "<group>";
		};
		1F1B244B22AABC6000EF1912 /* Products */ = {
			isa = PBXGroup;
			children = (
				1F1B244A22AABC6000EF1912 /* PropertyWrappers.app */,
				1F1B246022AABC6300EF1912 /* PropertyWrappersTests.xctest */,
			);
			name = Products;
			sourceTree = "<group>";
		};
		1F1B244C22AABC6000EF1912 /* PropertyWrappers */ = {
			isa = PBXGroup;
			children = (
				1F1B244D22AABC6000EF1912 /* AppDelegate.swift */,
				1F1B244F22AABC6000EF1912 /* SceneDelegate.swift */,
				1F1B247122AAC02D00EF1912 /* PropertyWrapper.swift */,
				1F1B247322AAC10800EF1912 /* UserConfig.swift */,
				1F1B245122AABC6000EF1912 /* ViewController.swift */,
				1F1B245322AABC6000EF1912 /* Main.storyboard */,
				1F1B245622AABC6300EF1912 /* Assets.xcassets */,
				1F1B245822AABC6300EF1912 /* LaunchScreen.storyboard */,
				1F1B245B22AABC6300EF1912 /* Info.plist */,
			);
			path = PropertyWrappers;
			sourceTree = "<group>";
		};
		1F1B246322AABC6300EF1912 /* PropertyWrappersTests */ = {
			isa = PBXGroup;
			children = (
				1F1B246422AABC6300EF1912 /* PropertyWrappersTests.swift */,
				1F1B246622AABC6300EF1912 /* Info.plist */,
			);
			path = PropertyWrappersTests;
			sourceTree = "<group>";
		};
/* End PBXGroup section */

/* Begin PBXNativeTarget section */
		1F1B244922AABC6000EF1912 /* PropertyWrappers */ = {
			isa = PBXNativeTarget;
			buildConfigurationList = 1F1B246922AABC6300EF1912 /* Build configuration list for PBXNativeTarget "PropertyWrappers" */;
			buildPhases = (
				1F1B244622AABC6000EF1912 /* Sources */,
				1F1B244722AABC6000EF1912 /* Frameworks */,
				1F1B244822AABC6000EF1912 /* Resources */,
			);
			buildRules = (
			);
			dependencies = (
			);
			name = PropertyWrappers;
			productName = PropertyWrappers;
			productReference = 1F1B244A22AABC6000EF1912 /* PropertyWrappers.app */;
			productType = "com.apple.product-type.application";
		};
		1F1B245F22AABC6300EF1912 /* PropertyWrappersTests */ = {
			isa = PBXNativeTarget;
			buildConfigurationList = 1F1B246C22AABC6300EF1912 /* Build configuration list for PBXNativeTarget "PropertyWrappersTests" */;
			buildPhases = (
				1F1B245C22AABC6300EF1912 /* Sources */,
				1F1B245D22AABC6300EF1912 /* Frameworks */,
				1F1B245E22AABC6300EF1912 /* Resources */,
			);
			buildRules = (
			);
			dependencies = (
				1F1B246222AABC6300EF1912 /* PBXTargetDependency */,
			);
			name = PropertyWrappersTests;
			productName = PropertyWrappersTests;
			productReference = 1F1B246022AABC6300EF1912 /* PropertyWrappersTests.xctest */;
			productType = "com.apple.product-type.bundle.unit-test";
		};
/* End PBXNativeTarget section */

/* Begin PBXProject section */
		1F1B244222AABC6000EF1912 /* Project object */ = {
			isa = PBXProject;
			attributes = {
				LastSwiftUpdateCheck = 1100;
				LastUpgradeCheck = 1100;
				ORGANIZATIONNAME = nMfpCoding;
				TargetAttributes = {
					1F1B244922AABC6000EF1912 = {
						CreatedOnToolsVersion = 11.0;
					};
					1F1B245F22AABC6300EF1912 = {
						CreatedOnToolsVersion = 11.0;
						TestTargetID = 1F1B244922AABC6000EF1912;
					};
				};
			};
			buildConfigurationList = 1F1B244522AABC6000EF1912 /* Build configuration list for PBXProject "PropertyWrappers" */;
			compatibilityVersion = "Xcode 9.3";
			developmentRegion = en;
			hasScannedForEncodings = 0;
			knownRegions = (
				en,
				Base,
			);
			mainGroup = 1F1B244122AABC6000EF1912;
			productRefGroup = 1F1B244B22AABC6000EF1912 /* Products */;
			projectDirPath = "";
			projectRoot = "";
			targets = (
				1F1B244922AABC6000EF1912 /* PropertyWrappers */,
				1F1B245F22AABC6300EF1912 /* PropertyWrappersTests */,
			);
		};
/* End PBXProject section */

/* Begin PBXResourcesBuildPhase section */
		1F1B244822AABC6000EF1912 /* Resources */ = {
			isa = PBXResourcesBuildPhase;
			buildActionMask = 2147483647;
			files = (
				1F1B245A22AABC6300EF1912 /* LaunchScreen.storyboard in Resources */,
				1F1B245722AABC6300EF1912 /* Assets.xcassets in Resources */,
				1F1B245522AABC6000EF1912 /* Main.storyboard in Resources */,
			);
			runOnlyForDeploymentPostprocessing = 0;
		};
		1F1B245E22AABC6300EF1912 /* Resources */ = {
			isa = PBXResourcesBuildPhase;
			buildActionMask = 2147483647;
			files = (
			);
			runOnlyForDeploymentPostprocessing = 0;
		};
/* End PBXResourcesBuildPhase section */

/* Begin PBXSourcesBuildPhase section */
		1F1B244622AABC6000EF1912 /* Sources */ = {
			isa = PBXSourcesBuildPhase;
			buildActionMask = 2147483647;
			files = (
				1F1B247422AAC10800EF1912 /* UserConfig.swift in Sources */,
				1F1B245222AABC6000EF1912 /* ViewController.swift in Sources */,
				1F1B244E22AABC6000EF1912 /* AppDelegate.swift in Sources */,
				1F1B247222AAC02D00EF1912 /* PropertyWrapper.swift in Sources */,
				1F1B245022AABC6000EF1912 /* SceneDelegate.swift in Sources */,
			);
			runOnlyForDeploymentPostprocessing = 0;
		};
		1F1B245C22AABC6300EF1912 /* Sources */ = {
			isa = PBXSourcesBuildPhase;
			buildActionMask = 2147483647;
			files = (
				1F1B246522AABC6300EF1912 /* PropertyWrappersTests.swift in Sources */,
			);
			runOnlyForDeploymentPostprocessing = 0;
		};
/* End PBXSourcesBuildPhase section */

/* Begin PBXTargetDependency section */
		1F1B246222AABC6300EF1912 /* PBXTargetDependency */ = {
			isa = PBXTargetDependency;
			target = 1F1B244922AABC6000EF1912 /* PropertyWrappers */;
			targetProxy = 1F1B246122AABC6300EF1912 /* PBXContainerItemProxy */;
		};
/* End PBXTargetDependency section */

/* Begin PBXVariantGroup section */
		1F1B245322AABC6000EF1912 /* Main.storyboard */ = {
			isa = PBXVariantGroup;
			children = (
				1F1B245422AABC6000EF1912 /* Base */,
			);
			name = Main.storyboard;
			sourceTree = "<group>";
		};
		1F1B245822AABC6300EF1912 /* LaunchScreen.storyboard */ = {
			isa = PBXVariantGroup;
			children = (
				1F1B245922AABC6300EF1912 /* Base */,
			);
			name = LaunchScreen.storyboard;
			sourceTree = "<group>";
		};
/* End PBXVariantGroup section */

/* Begin XCBuildConfiguration section */
		1F1B246722AABC6300EF1912 /* Debug */ = {
			isa = XCBuildConfiguration;
			buildSettings = {
				ALWAYS_SEARCH_USER_PATHS = NO;
				CLANG_ANALYZER_NONNULL = YES;
				CLANG_ANALYZER_NUMBER_OBJECT_CONVERSION = YES_AGGRESSIVE;
				CLANG_CXX_LANGUAGE_STANDARD = "gnu++14";
				CLANG_CXX_LIBRARY = "libc++";
				CLANG_ENABLE_MODULES = YES;
				CLANG_ENABLE_OBJC_ARC = YES;
				CLANG_ENABLE_OBJC_WEAK = YES;
				CLANG_WARN_BLOCK_CAPTURE_AUTORELEASING = YES;
				CLANG_WARN_BOOL_CONVERSION = YES;
				CLANG_WARN_COMMA = YES;
				CLANG_WARN_CONSTANT_CONVERSION = YES;
				CLANG_WARN_DEPRECATED_OBJC_IMPLEMENTATIONS = YES;
				CLANG_WARN_DIRECT_OBJC_ISA_USAGE = YES_ERROR;
				CLANG_WARN_DOCUMENTATION_COMMENTS = YES;
				CLANG_WARN_EMPTY_BODY = YES;
				CLANG_WARN_ENUM_CONVERSION = YES;
				CLANG_WARN_INFINITE_RECURSION = YES;
				CLANG_WARN_INT_CONVERSION = YES;
				CLANG_WARN_NON_LITERAL_NULL_CONVERSION = YES;
				CLANG_WARN_OBJC_IMPLICIT_RETAIN_SELF = YES;
				CLANG_WARN_OBJC_LITERAL_CONVERSION = YES;
				CLANG_WARN_OBJC_ROOT_CLASS = YES_ERROR;
				CLANG_WARN_RANGE_LOOP_ANALYSIS = YES;
				CLANG_WARN_STRICT_PROTOTYPES = YES;
				CLANG_WARN_SUSPICIOUS_MOVE = YES;
				CLANG_WARN_UNGUARDED_AVAILABILITY = YES_AGGRESSIVE;
				CLANG_WARN_UNREACHABLE_CODE = YES;
				CLANG_WARN__DUPLICATE_METHOD_MATCH = YES;
				COPY_PHASE_STRIP = NO;
				DEBUG_INFORMATION_FORMAT = dwarf;
				ENABLE_STRICT_OBJC_MSGSEND = YES;
				ENABLE_TESTABILITY = YES;
				GCC_C_LANGUAGE_STANDARD = gnu11;
				GCC_DYNAMIC_NO_PIC = NO;
				GCC_NO_COMMON_BLOCKS = YES;
				GCC_OPTIMIZATION_LEVEL = 0;
				GCC_PREPROCESSOR_DEFINITIONS = (
					"DEBUG=1",
					"$(inherited)",
				);
				GCC_WARN_64_TO_32_BIT_CONVERSION = YES;
				GCC_WARN_ABOUT_RETURN_TYPE = YES_ERROR;
				GCC_WARN_UNDECLARED_SELECTOR = YES;
				GCC_WARN_UNINITIALIZED_AUTOS = YES_AGGRESSIVE;
				GCC_WARN_UNUSED_FUNCTION = YES;
				GCC_WARN_UNUSED_VARIABLE = YES;
				IPHONEOS_DEPLOYMENT_TARGET = 13.0;
				MTL_ENABLE_DEBUG_INFO = INCLUDE_SOURCE;
				MTL_FAST_MATH = YES;
				ONLY_ACTIVE_ARCH = YES;
				SDKROOT = iphoneos;
				SWIFT_ACTIVE_COMPILATION_CONDITIONS = DEBUG;
				SWIFT_OPTIMIZATION_LEVEL = "-Onone";
			};
			name = Debug;
		};
		1F1B246822AABC6300EF1912 /* Release */ = {
			isa = XCBuildConfiguration;
			buildSettings = {
				ALWAYS_SEARCH_USER_PATHS = NO;
				CLANG_ANALYZER_NONNULL = YES;
				CLANG_ANALYZER_NUMBER_OBJECT_CONVERSION = YES_AGGRESSIVE;
				CLANG_CXX_LANGUAGE_STANDARD = "gnu++14";
				CLANG_CXX_LIBRARY = "libc++";
				CLANG_ENABLE_MODULES = YES;
				CLANG_ENABLE_OBJC_ARC = YES;
				CLANG_ENABLE_OBJC_WEAK = YES;
				CLANG_WARN_BLOCK_CAPTURE_AUTORELEASING = YES;
				CLANG_WARN_BOOL_CONVERSION = YES;
				CLANG_WARN_COMMA = YES;
				CLANG_WARN_CONSTANT_CONVERSION = YES;
				CLANG_WARN_DEPRECATED_OBJC_IMPLEMENTATIONS = YES;
				CLANG_WARN_DIRECT_OBJC_ISA_USAGE = YES_ERROR;
				CLANG_WARN_DOCUMENTATION_COMMENTS = YES;
				CLANG_WARN_EMPTY_BODY = YES;
				CLANG_WARN_ENUM_CONVERSION = YES;
				CLANG_WARN_INFINITE_RECURSION = YES;
				CLANG_WARN_INT_CONVERSION = YES;
				CLANG_WARN_NON_LITERAL_NULL_CONVERSION = YES;
				CLANG_WARN_OBJC_IMPLICIT_RETAIN_SELF = YES;
				CLANG_WARN_OBJC_LITERAL_CONVERSION = YES;
				CLANG_WARN_OBJC_ROOT_CLASS = YES_ERROR;
				CLANG_WARN_RANGE_LOOP_ANALYSIS = YES;
				CLANG_WARN_STRICT_PROTOTYPES = YES;
				CLANG_WARN_SUSPICIOUS_MOVE = YES;
				CLANG_WARN_UNGUARDED_AVAILABILITY = YES_AGGRESSIVE;
				CLANG_WARN_UNREACHABLE_CODE = YES;
				CLANG_WARN__DUPLICATE_METHOD_MATCH = YES;
				COPY_PHASE_STRIP = NO;
				DEBUG_INFORMATION_FORMAT = "dwarf-with-dsym";
				ENABLE_NS_ASSERTIONS = NO;
				ENABLE_STRICT_OBJC_MSGSEND = YES;
				GCC_C_LANGUAGE_STANDARD = gnu11;
				GCC_NO_COMMON_BLOCKS = YES;
				GCC_WARN_64_TO_32_BIT_CONVERSION = YES;
				GCC_WARN_ABOUT_RETURN_TYPE = YES_ERROR;
				GCC_WARN_UNDECLARED_SELECTOR = YES;
				GCC_WARN_UNINITIALIZED_AUTOS = YES_AGGRESSIVE;
				GCC_WARN_UNUSED_FUNCTION = YES;
				GCC_WARN_UNUSED_VARIABLE = YES;
				IPHONEOS_DEPLOYMENT_TARGET = 13.0;
				MTL_ENABLE_DEBUG_INFO = NO;
				MTL_FAST_MATH = YES;
				SDKROOT = iphoneos;
				SWIFT_COMPILATION_MODE = wholemodule;
				SWIFT_OPTIMIZATION_LEVEL = "-O";
				VALIDATE_PRODUCT = YES;
			};
			name = Release;
		};
		1F1B246A22AABC6300EF1912 /* Debug */ = {
			isa = XCBuildConfiguration;
			buildSettings = {
				ASSETCATALOG_COMPILER_APPICON_NAME = AppIcon;
				CODE_SIGN_STYLE = Automatic;
				DEVELOPMENT_TEAM = JBEYETDGSB;
				INFOPLIST_FILE = PropertyWrappers/Info.plist;
				LD_RUNPATH_SEARCH_PATHS = (
					"$(inherited)",
					"@executable_path/Frameworks",
				);
				PRODUCT_BUNDLE_IDENTIFIER = com.nMfpCoding.PropertyWrappers;
				PRODUCT_NAME = "$(TARGET_NAME)";
				SWIFT_VERSION = 5.0;
				TARGETED_DEVICE_FAMILY = "1,2";
			};
			name = Debug;
		};
		1F1B246B22AABC6300EF1912 /* Release */ = {
			isa = XCBuildConfiguration;
			buildSettings = {
				ASSETCATALOG_COMPILER_APPICON_NAME = AppIcon;
				CODE_SIGN_STYLE = Automatic;
				DEVELOPMENT_TEAM = JBEYETDGSB;
				INFOPLIST_FILE = PropertyWrappers/Info.plist;
				LD_RUNPATH_SEARCH_PATHS = (
					"$(inherited)",
					"@executable_path/Frameworks",
				);
				PRODUCT_BUNDLE_IDENTIFIER = com.nMfpCoding.PropertyWrappers;
				PRODUCT_NAME = "$(TARGET_NAME)";
				SWIFT_VERSION = 5.0;
				TARGETED_DEVICE_FAMILY = "1,2";
			};
			name = Release;
		};
		1F1B246D22AABC6300EF1912 /* Debug */ = {
			isa = XCBuildConfiguration;
			buildSettings = {
				ALWAYS_EMBED_SWIFT_STANDARD_LIBRARIES = YES;
				BUNDLE_LOADER = "$(TEST_HOST)";
				CODE_SIGN_STYLE = Automatic;
				DEVELOPMENT_TEAM = JBEYETDGSB;
				INFOPLIST_FILE = PropertyWrappersTests/Info.plist;
				LD_RUNPATH_SEARCH_PATHS = (
					"$(inherited)",
					"@executable_path/Frameworks",
					"@loader_path/Frameworks",
				);
				PRODUCT_BUNDLE_IDENTIFIER = com.nMfpCoding.PropertyWrappersTests;
				PRODUCT_NAME = "$(TARGET_NAME)";
				SWIFT_VERSION = 5.0;
				TARGETED_DEVICE_FAMILY = "1,2";
				TEST_HOST = "$(BUILT_PRODUCTS_DIR)/PropertyWrappers.app/PropertyWrappers";
			};
			name = Debug;
		};
		1F1B246E22AABC6300EF1912 /* Release */ = {
			isa = XCBuildConfiguration;
			buildSettings = {
				ALWAYS_EMBED_SWIFT_STANDARD_LIBRARIES = YES;
				BUNDLE_LOADER = "$(TEST_HOST)";
				CODE_SIGN_STYLE = Automatic;
				DEVELOPMENT_TEAM = JBEYETDGSB;
				INFOPLIST_FILE = PropertyWrappersTests/Info.plist;
				LD_RUNPATH_SEARCH_PATHS = (
					"$(inherited)",
					"@executable_path/Frameworks",
					"@loader_path/Frameworks",
				);
				PRODUCT_BUNDLE_IDENTIFIER = com.nMfpCoding.PropertyWrappersTests;
				PRODUCT_NAME = "$(TARGET_NAME)";
				SWIFT_VERSION = 5.0;
				TARGETED_DEVICE_FAMILY = "1,2";
				TEST_HOST = "$(BUILT_PRODUCTS_DIR)/PropertyWrappers.app/PropertyWrappers";
			};
			name = Release;
		};
/* End XCBuildConfiguration section */

/* Begin XCConfigurationList section */
		1F1B244522AABC6000EF1912 /* Build configuration list for PBXProject "PropertyWrappers" */ = {
			isa = XCConfigurationList;
			buildConfigurations = (
				1F1B246722AABC6300EF1912 /* Debug */,
				1F1B246822AABC6300EF1912 /* Release */,
			);
			defaultConfigurationIsVisible = 0;
			defaultConfigurationName = Release;
		};
		1F1B246922AABC6300EF1912 /* Build configuration list for PBXNativeTarget "PropertyWrappers" */ = {
			isa = XCConfigurationList;
			buildConfigurations = (
				1F1B246A22AABC6300EF1912 /* Debug */,
				1F1B246B22AABC6300EF1912 /* Release */,
			);
			defaultConfigurationIsVisible = 0;
			defaultConfigurationName = Release;
		};
		1F1B246C22AABC6300EF1912 /* Build configuration list for PBXNativeTarget "PropertyWrappersTests" */ = {
			isa = XCConfigurationList;
			buildConfigurations = (
				1F1B246D22AABC6300EF1912 /* Debug */,
				1F1B246E22AABC6300EF1912 /* Release */,
			);
			defaultConfigurationIsVisible = 0;
			defaultConfigurationName = Release;
		};
/* End XCConfigurationList section */
	};
	rootObject = 1F1B244222AABC6000EF1912 /* Project object */;
}
